
Microsoft Visual Studio Solution File, Format Version 12.00
Project("{FAE04EC0-301F-11D3-BF4B-00C04F79EFBC}") = "tanzu-csharp-weatherforecast", "tanzu-csharp-weatherforecast.csproj", "{AC7B9151-36BA-4997-BA76-128C1B3CF3EC}"
EndProject
Global
	GlobalSection(SolutionConfigurationPlatforms) = preSolution
		Debug|Any CPU = Debug|Any CPU
		Release|Any CPU = Release|Any CPU
	EndGlobalSection
	GlobalSection(ProjectConfigurationPlatforms) = postSolution
		{AC7B9151-36BA-4997-BA76-128C1B3CF3EC}.Debug|Any CPU.ActiveCfg = Debug|Any CPU
		{AC7B9151-36BA-4997-BA76-128C1B3CF3EC}.Debug|Any CPU.Build.0 = Debug|Any CPU
		{AC7B9151-36BA-4997-BA76-128C1B3CF3EC}.Release|Any CPU.ActiveCfg = Release|Any CPU
		{AC7B9151-36BA-4997-BA76-128C1B3CF3EC}.Release|Any CPU.Build.0 = Release|Any CPU
	EndGlobalSection
EndGlobal
